
Microsoft Visual Studio Solution File, Format Version 12.00
# Visual Studio Version 16
VisualStudioVersion = 16.0.33423.256
MinimumVisualStudioVersion = 10.0.40219.1
Project("{8BC9CEB8-8B4A-11D0-8D11-00A0C91BC942}") = "Chapter Six", "Chapter Six.vcxproj", "{EB7AEE46-F44B-456F-927E-14FF0FD06A58}"
EndProject
Global
	GlobalSection(SolutionConfigurationPlatforms) = preSolution
		Debug|x64 = Debug|x64
		Debug|x86 = Debug|x86
		Release|x64 = Release|x64
		Release|x86 = Release|x86
	EndGlobalSection
	GlobalSection(ProjectConfigurationPlatforms) = postSolution
		{EB7AEE46-F44B-456F-927E-14FF0FD06A58}.Debug|x64.ActiveCfg = Debug|x64
		{EB7AEE46-F44B-456F-927E-14FF0FD06A58}.Debug|x64.Build.0 = Debug|x64
		{EB7AEE46-F44B-456F-927E-14FF0FD06A58}.Debug|x86.ActiveCfg = Debug|Win32
		{EB7AEE46-F44B-456F-927E-14FF0FD06A58}.Debug|x86.Build.0 = Debug|Win32
		{EB7AEE46-F44B-456F-927E-14FF0FD06A58}.Release|x64.ActiveCfg = Release|x64
		{EB7AEE46-F44B-456F-927E-14FF0FD06A58}.Release|x64.Build.0 = Release|x64
		{EB7AEE46-F44B-456F-927E-14FF0FD06A58}.Release|x86.ActiveCfg = Release|Win32
		{EB7AEE46-F44B-456F-927E-14FF0FD06A58}.Release|x86.Build.0 = Release|Win32
	EndGlobalSection
	GlobalSection(SolutionProperties) = preSolution
		HideSolutionNode = FALSE
	EndGlobalSection
	GlobalSection(ExtensibilityGlobals) = postSolution
		SolutionGuid = {0FC6E436-51DE-40ED-A302-5C5FFE32700A}
	EndGlobalSection
EndGlobal
